
Microsoft Visual Studio Solution File, Format Version 12.00
Project("{FAE04EC0-301F-11D3-BF4B-00C04F79EFBC}") = "Pokedex", "Pokedex\Pokedex.csproj", "{D939197F-90F7-4CF2-8F2E-87D08C243CFF}"
EndProject
Project("{FAE04EC0-301F-11D3-BF4B-00C04F79EFBC}") = "Pokedex.Tests", "Pokedex.Tests\Pokedex.Tests.csproj", "{9338C692-E37D-4F6D-9646-7D5FFDF9F7A2}"
EndProject
Global
	GlobalSection(SolutionConfigurationPlatforms) = preSolution
		Debug|Any CPU = Debug|Any CPU
		Release|Any CPU = Release|Any CPU
	EndGlobalSection
	GlobalSection(ProjectConfigurationPlatforms) = postSolution
		{D939197F-90F7-4CF2-8F2E-87D08C243CFF}.Debug|Any CPU.ActiveCfg = Debug|Any CPU
		{D939197F-90F7-4CF2-8F2E-87D08C243CFF}.Debug|Any CPU.Build.0 = Debug|Any CPU
		{D939197F-90F7-4CF2-8F2E-87D08C243CFF}.Release|Any CPU.ActiveCfg = Release|Any CPU
		{D939197F-90F7-4CF2-8F2E-87D08C243CFF}.Release|Any CPU.Build.0 = Release|Any CPU
		{9338C692-E37D-4F6D-9646-7D5FFDF9F7A2}.Debug|Any CPU.ActiveCfg = Debug|Any CPU
		{9338C692-E37D-4F6D-9646-7D5FFDF9F7A2}.Debug|Any CPU.Build.0 = Debug|Any CPU
		{9338C692-E37D-4F6D-9646-7D5FFDF9F7A2}.Release|Any CPU.ActiveCfg = Release|Any CPU
		{9338C692-E37D-4F6D-9646-7D5FFDF9F7A2}.Release|Any CPU.Build.0 = Release|Any CPU
	EndGlobalSection
EndGlobal
